{
  "name": "@hackolade/sql-select-statement-parser",
  "version": "0.0.5",
  "lockfileVersion": 1,
  "requires": true,
  "dependencies": {
    "antlr4": {
      "version": "4.9.2",
      "resolved": "https://registry.npmjs.org/antlr4/-/antlr4-4.9.2.tgz",
      "integrity": "sha512-UjMSlenUORL+a+6g4RNZxRh5LcFWybRi2g0ASDBpgXBY6nlavg0BRVAVEQF0dz8jH6SyX3lV7uP5y/krJzc+Hw=="
    }
  }
}
